
Microsoft Visual Studio Solution File, Format Version 12.00
# Visual Studio 15
VisualStudioVersion = 15.0.28307.572
MinimumVisualStudioVersion = 10.0.40219.1
Project("{FAE04EC0-301F-11D3-BF4B-00C04F79EFBC}") = "Envision.DirectShow.NET", "Envision.DirectShow.NET\Envision.DirectShow.NET.csproj", "{A1C5CBC6-35BE-4CFE-BA6D-3ECDA4E59381}"
EndProject
Global
	GlobalSection(SolutionConfigurationPlatforms) = preSolution
		Debug|Any CPU = Debug|Any CPU
		Release|Any CPU = Release|Any CPU
	EndGlobalSection
	GlobalSection(ProjectConfigurationPlatforms) = postSolution
		{A1C5CBC6-35BE-4CFE-BA6D-3ECDA4E59381}.Debug|Any CPU.ActiveCfg = Debug|Any CPU
		{A1C5CBC6-35BE-4CFE-BA6D-3ECDA4E59381}.Debug|Any CPU.Build.0 = Debug|Any CPU
		{A1C5CBC6-35BE-4CFE-BA6D-3ECDA4E59381}.Release|Any CPU.ActiveCfg = Release|Any CPU
		{A1C5CBC6-35BE-4CFE-BA6D-3ECDA4E59381}.Release|Any CPU.Build.0 = Release|Any CPU
	EndGlobalSection
	GlobalSection(SolutionProperties) = preSolution
		HideSolutionNode = FALSE
	EndGlobalSection
	GlobalSection(ExtensibilityGlobals) = postSolution
		SolutionGuid = {6E0DFF64-2B85-4955-8650-AB99BE4BCE23}
	EndGlobalSection
EndGlobal
